// !$*UTF8*$!
{
	archiveVersion = 1;
	classes = {
	};
	objectVersion = 77;
	objects = {

/* Begin PBXBuildFile section */
		41298ABF2FCE7CD300778428 /* WidgetKit.framework in Frameworks */ = {isa = PBXBuildFile; fileRef = 41298ABE2FCE7CD300778428 /* WidgetKit.framework */; };
		41298AC12FCE7CD300778428 /* SwiftUI.framework in Frameworks */ = {isa = PBXBuildFile; fileRef = 41298AC02FCE7CD300778428 /* SwiftUI.framework */; };
		41298AD02FCE7CD400778428 /* PulseLoopLiveActivityExtension.appex in Embed Foundation Extensions */ = {isa = PBXBuildFile; fileRef = 41298ABC2FCE7CD300778428 /* PulseLoopLiveActivityExtension.appex */; settings = {ATTRIBUTES = (RemoveHeadersOnCopy, ); }; };
/* End PBXBuildFile section */

/* Begin PBXContainerItemProxy section */
		41298ACE2FCE7CD400778428 /* PBXContainerItemProxy */ = {
			isa = PBXContainerItemProxy;
			containerPortal = 4147614E2FCC0F81009EB0EF /* Project object */;
			proxyType = 1;
			remoteGlobalIDString = 41298ABB2FCE7CD300778428;
			remoteInfo = PulseLoopLiveActivityExtension;
		};
		AA0000000000000000000008 /* PBXContainerItemProxy */ = {
			isa = PBXContainerItemProxy;
			containerPortal = 4147614E2FCC0F81009EB0EF /* Project object */;
			proxyType = 1;
			remoteGlobalIDString = 414761552FCC0F81009EB0EF;
			remoteInfo = PulseLoop;
		};
/* End PBXContainerItemProxy section */

/* Begin PBXCopyFilesBuildPhase section */
		41298AD52FCE7CD400778428 /* Embed Foundation Extensions */ = {
			isa = PBXCopyFilesBuildPhase;
			buildActionMask = 2147483647;
			dstPath = "";
			dstSubfolderSpec = 13;
			files = (
				41298AD02FCE7CD400778428 /* PulseLoopLiveActivityExtension.appex in Embed Foundation Extensions */,
			);
			name = "Embed Foundation Extensions";
			runOnlyForDeploymentPostprocessing = 0;
		};
/* End PBXCopyFilesBuildPhase section */

/* Begin PBXFileReference section */
		41298ABC2FCE7CD300778428 /* PulseLoopLiveActivityExtension.appex */ = {isa = PBXFileReference; explicitFileType = "wrapper.app-extension"; includeInIndex = 0; path = PulseLoopLiveActivityExtension.appex; sourceTree = BUILT_PRODUCTS_DIR; };
		41298ABE2FCE7CD300778428 /* WidgetKit.framework */ = {isa = PBXFileReference; lastKnownFileType = wrapper.framework; name = WidgetKit.framework; path = System/Library/Frameworks/WidgetKit.framework; sourceTree = SDKROOT; };
		41298AC02FCE7CD300778428 /* SwiftUI.framework */ = {isa = PBXFileReference; lastKnownFileType = wrapper.framework; name = SwiftUI.framework; path = System/Library/Frameworks/SwiftUI.framework; sourceTree = SDKROOT; };
		41298AD62FCE7D7800778428 /* PulseLoopLiveActivityExtension.entitlements */ = {isa = PBXFileReference; lastKnownFileType = text.plist.entitlements; path = PulseLoopLiveActivityExtension.entitlements; sourceTree = "<group>"; };
		414761562FCC0F81009EB0EF /* PulseLoop.app */ = {isa = PBXFileReference; explicitFileType = wrapper.application; includeInIndex = 0; path = PulseLoop.app; sourceTree = BUILT_PRODUCTS_DIR; };
		AA0000000000000000000002 /* PulseLoopTests.xctest */ = {isa = PBXFileReference; explicitFileType = wrapper.cfbundle; includeInIndex = 0; path = PulseLoopTests.xctest; sourceTree = BUILT_PRODUCTS_DIR; };
/* End PBXFileReference section */

/* Begin PBXFileSystemSynchronizedBuildFileExceptionSet section */
		41298AB72FCE7BE300778428 /* Exceptions for "PulseLoop" folder in "PulseLoop" target */ = {
			isa = PBXFileSystemSynchronizedBuildFileExceptionSet;
			membershipExceptions = (
				Info.plist,
			);
			target = 414761552FCC0F81009EB0EF /* PulseLoop */;
		};
		41298AD42FCE7CD400778428 /* Exceptions for "PulseLoopLiveActivity" folder in "PulseLoopLiveActivityExtension" target */ = {
			isa = PBXFileSystemSynchronizedBuildFileExceptionSet;
			membershipExceptions = (
				Info.plist,
			);
			target = 41298ABB2FCE7CD300778428 /* PulseLoopLiveActivityExtension */;
		};
		41298AE12FCE81DA00778428 /* Exceptions for "PulseLoop" folder in "PulseLoopLiveActivityExtension" target */ = {
			isa = PBXFileSystemSynchronizedBuildFileExceptionSet;
			membershipExceptions = (
				Shared/WorkoutActivityAttributes.swift,
			);
			target = 41298ABB2FCE7CD300778428 /* PulseLoopLiveActivityExtension */;
		};
/* End PBXFileSystemSynchronizedBuildFileExceptionSet section */

/* Begin PBXFileSystemSynchronizedRootGroup section */
		41298AC22FCE7CD300778428 /* PulseLoopLiveActivity */ = {
			isa = PBXFileSystemSynchronizedRootGroup;
			exceptions = (
				41298AD42FCE7CD400778428 /* Exceptions for "PulseLoopLiveActivity" folder in "PulseLoopLiveActivityExtension" target */,
			);
			path = PulseLoopLiveActivity;
			sourceTree = "<group>";
		};
		414761582FCC0F81009EB0EF /* PulseLoop */ = {
			isa = PBXFileSystemSynchronizedRootGroup;
			exceptions = (
				41298AB72FCE7BE300778428 /* Exceptions for "PulseLoop" folder in "PulseLoop" target */,
				41298AE12FCE81DA00778428 /* Exceptions for "PulseLoop" folder in "PulseLoopLiveActivityExtension" target */,
			);
			path = PulseLoop;
			sourceTree = "<group>";
		};
		AA0000000000000000000003 /* PulseLoopTests */ = {
			isa = PBXFileSystemSynchronizedRootGroup;
			path = PulseLoopTests;
			sourceTree = "<group>";
		};
/* End PBXFileSystemSynchronizedRootGroup section */

/* Begin PBXFrameworksBuildPhase section */
		41298AB92FCE7CD300778428 /* Frameworks */ = {
			isa = PBXFrameworksBuildPhase;
			buildActionMask = 2147483647;
			files = (
				41298AC12FCE7CD300778428 /* SwiftUI.framework in Frameworks */,
				41298ABF2FCE7CD300778428 /* WidgetKit.framework in Frameworks */,
			);
			runOnlyForDeploymentPostprocessing = 0;
		};
		414761532FCC0F81009EB0EF /* Frameworks */ = {
			isa = PBXFrameworksBuildPhase;
			buildActionMask = 2147483647;
			files = (
			);
			runOnlyForDeploymentPostprocessing = 0;
		};
		AA0000000000000000000005 /* Frameworks */ = {
			isa = PBXFrameworksBuildPhase;
			buildActionMask = 2147483647;
			files = (
			);
			runOnlyForDeploymentPostprocessing = 0;
		};
/* End PBXFrameworksBuildPhase section */

/* Begin PBXGroup section */
		41298ABD2FCE7CD300778428 /* Frameworks */ = {
			isa = PBXGroup;
			children = (
				41298ABE2FCE7CD300778428 /* WidgetKit.framework */,
				41298AC02FCE7CD300778428 /* SwiftUI.framework */,
			);
			name = Frameworks;
			sourceTree = "<group>";
		};
		4147614D2FCC0F81009EB0EF = {
			isa = PBXGroup;
			children = (
				41298AD62FCE7D7800778428 /* PulseLoopLiveActivityExtension.entitlements */,
				414761582FCC0F81009EB0EF /* PulseLoop */,
				41298AC22FCE7CD300778428 /* PulseLoopLiveActivity */,
				41298ABD2FCE7CD300778428 /* Frameworks */,
				414761572FCC0F81009EB0EF /* Products */,
				414763642FCCCC58009EB0EF /* Recovered References */,
			);
			sourceTree = "<group>";
		};
		414761572FCC0F81009EB0EF /* Products */ = {
			isa = PBXGroup;
			children = (
				414761562FCC0F81009EB0EF /* PulseLoop.app */,
				AA0000000000000000000002 /* PulseLoopTests.xctest */,
				41298ABC2FCE7CD300778428 /* PulseLoopLiveActivityExtension.appex */,
			);
			name = Products;
			sourceTree = "<group>";
		};
		414763642FCCCC58009EB0EF /* Recovered References */ = {
			isa = PBXGroup;
			children = (
				AA0000000000000000000003 /* PulseLoopTests */,
			);
			name = "Recovered References";
			sourceTree = "<group>";
		};
/* End PBXGroup section */

/* Begin PBXNativeTarget section */
		41298ABB2FCE7CD300778428 /* PulseLoopLiveActivityExtension */ = {
			isa = PBXNativeTarget;
			buildConfigurationList = 41298AD12FCE7CD400778428 /* Build configuration list for PBXNativeTarget "PulseLoopLiveActivityExtension" */;
			buildPhases = (
				41298AB82FCE7CD300778428 /* Sources */,
				41298AB92FCE7CD300778428 /* Frameworks */,
				41298ABA2FCE7CD300778428 /* Resources */,
			);
			buildRules = (
			);
			dependencies = (
			);
			fileSystemSynchronizedGroups = (
				41298AC22FCE7CD300778428 /* PulseLoopLiveActivity */,
			);
			name = PulseLoopLiveActivityExtension;
			packageProductDependencies = (
			);
			productName = PulseLoopLiveActivityExtension;
			productReference = 41298ABC2FCE7CD300778428 /* PulseLoopLiveActivityExtension.appex */;
			productType = "com.apple.product-type.app-extension";
		};
		414761552FCC0F81009EB0EF /* PulseLoop */ = {
			isa = PBXNativeTarget;
			buildConfigurationList = 414761632FCC0F82009EB0EF /* Build configuration list for PBXNativeTarget "PulseLoop" */;
			buildPhases = (
				414761522FCC0F81009EB0EF /* Sources */,
				414761532FCC0F81009EB0EF /* Frameworks */,
				414761542FCC0F81009EB0EF /* Resources */,
				41298AD52FCE7CD400778428 /* Embed Foundation Extensions */,
			);
			buildRules = (
			);
			dependencies = (
				41298ACF2FCE7CD400778428 /* PBXTargetDependency */,
			);
			fileSystemSynchronizedGroups = (
				414761582FCC0F81009EB0EF /* PulseLoop */,
			);
			name = PulseLoop;
			packageProductDependencies = (
			);
			productName = PulseLoop;
			productReference = 414761562FCC0F81009EB0EF /* PulseLoop.app */;
			productType = "com.apple.product-type.application";
		};
		AA0000000000000000000001 /* PulseLoopTests */ = {
			isa = PBXNativeTarget;
			buildConfigurationList = AA000000000000000000000B /* Build configuration list for PBXNativeTarget "PulseLoopTests" */;
			buildPhases = (
				AA0000000000000000000004 /* Sources */,
				AA0000000000000000000005 /* Frameworks */,
				AA0000000000000000000006 /* Resources */,
			);
			buildRules = (
			);
			dependencies = (
				AA0000000000000000000007 /* PBXTargetDependency */,
			);
			fileSystemSynchronizedGroups = (
				AA0000000000000000000003 /* PulseLoopTests */,
			);
			name = PulseLoopTests;
			packageProductDependencies = (
			);
			productName = PulseLoopTests;
			productReference = AA0000000000000000000002 /* PulseLoopTests.xctest */;
			productType = "com.apple.product-type.bundle.unit-test";
		};
/* End PBXNativeTarget section */

/* Begin PBXProject section */
		4147614E2FCC0F81009EB0EF /* Project object */ = {
			isa = PBXProject;
			attributes = {
				BuildIndependentTargetsInParallel = 1;
				LastSwiftUpdateCheck = 2650;
				LastUpgradeCheck = 2650;
				TargetAttributes = {
					41298ABB2FCE7CD300778428 = {
						CreatedOnToolsVersion = 26.5;
					};
					414761552FCC0F81009EB0EF = {
						CreatedOnToolsVersion = 26.5;
					};
					AA0000000000000000000001 = {
						CreatedOnToolsVersion = 26.5;
						TestTargetID = 414761552FCC0F81009EB0EF;
					};
				};
			};
			buildConfigurationList = 414761512FCC0F81009EB0EF /* Build configuration list for PBXProject "PulseLoop" */;
			developmentRegion = en;
			hasScannedForEncodings = 0;
			knownRegions = (
				en,
				Base,
			);
			mainGroup = 4147614D2FCC0F81009EB0EF;
			minimizedProjectReferenceProxies = 1;
			packageReferences = (
				412290E42FF3A65A008D8235 /* XCRemoteSwiftPackageReference "swift-algorithms" */,
			);
			preferredProjectObjectVersion = 77;
			productRefGroup = 414761572FCC0F81009EB0EF /* Products */;
			projectDirPath = "";
			projectRoot = "";
			targets = (
				414761552FCC0F81009EB0EF /* PulseLoop */,
				AA0000000000000000000001 /* PulseLoopTests */,
				41298ABB2FCE7CD300778428 /* PulseLoopLiveActivityExtension */,
			);
		};
/* End PBXProject section */

/* Begin PBXResourcesBuildPhase section */
		41298ABA2FCE7CD300778428 /* Resources */ = {
			isa = PBXResourcesBuildPhase;
			buildActionMask = 2147483647;
			files = (
			);
			runOnlyForDeploymentPostprocessing = 0;
		};
		414761542FCC0F81009EB0EF /* Resources */ = {
			isa = PBXResourcesBuildPhase;
			buildActionMask = 2147483647;
			files = (
			);
			runOnlyForDeploymentPostprocessing = 0;
		};
		AA0000000000000000000006 /* Resources */ = {
			isa = PBXResourcesBuildPhase;
			buildActionMask = 2147483647;
			files = (
			);
			runOnlyForDeploymentPostprocessing = 0;
		};
/* End PBXResourcesBuildPhase section */

/* Begin PBXSourcesBuildPhase section */
		41298AB82FCE7CD300778428 /* Sources */ = {
			isa = PBXSourcesBuildPhase;
			buildActionMask = 2147483647;
			files = (
			);
			runOnlyForDeploymentPostprocessing = 0;
		};
		414761522FCC0F81009EB0EF /* Sources */ = {
			isa = PBXSourcesBuildPhase;
			buildActionMask = 2147483647;
			files = (
			);
			runOnlyForDeploymentPostprocessing = 0;
		};
		AA0000000000000000000004 /* Sources */ = {
			isa = PBXSourcesBuildPhase;
			buildActionMask = 2147483647;
			files = (
			);
			runOnlyForDeploymentPostprocessing = 0;
		};
/* End PBXSourcesBuildPhase section */

/* Begin PBXTargetDependency section */
		41298ACF2FCE7CD400778428 /* PBXTargetDependency */ = {
			isa = PBXTargetDependency;
			target = 41298ABB2FCE7CD300778428 /* PulseLoopLiveActivityExtension */;
			targetProxy = 41298ACE2FCE7CD400778428 /* PBXContainerItemProxy */;
		};
		AA0000000000000000000007 /* PBXTargetDependency */ = {
			isa = PBXTargetDependency;
			target = 414761552FCC0F81009EB0EF /* PulseLoop */;
			targetProxy = AA0000000000000000000008 /* PBXContainerItemProxy */;
		};
/* End PBXTargetDependency section */

/* Begin XCBuildConfiguration section */
		41298AD22FCE7CD400778428 /* Debug */ = {
			isa = XCBuildConfiguration;
			buildSettings = {
				ASSETCATALOG_COMPILER_GLOBAL_ACCENT_COLOR_NAME = AccentColor;
				ASSETCATALOG_COMPILER_WIDGET_BACKGROUND_COLOR_NAME = WidgetBackground;
				CODE_SIGN_ENTITLEMENTS = PulseLoopLiveActivityExtension.entitlements;
				CODE_SIGN_STYLE = Automatic;
				CURRENT_PROJECT_VERSION = 1;
				DEVELOPMENT_TEAM = CQUQ9RZMDK;
				GENERATE_INFOPLIST_FILE = YES;
				INFOPLIST_FILE = PulseLoopLiveActivity/Info.plist;
				INFOPLIST_KEY_CFBundleDisplayName = PulseLoopLiveActivity;
				INFOPLIST_KEY_NSHumanReadableCopyright = "";
				IPHONEOS_DEPLOYMENT_TARGET = 18.0;
				LD_RUNPATH_SEARCH_PATHS = (
					"$(inherited)",
					"@executable_path/Frameworks",
					"@executable_path/../../Frameworks",
				);
				MARKETING_VERSION = 1.0;
				PRODUCT_BUNDLE_IDENTIFIER = xyz.sakshambhutani.pulseloop2.PulseLoopLiveActivity;
				PRODUCT_NAME = "$(TARGET_NAME)";
				SKIP_INSTALL = YES;
				STRING_CATALOG_GENERATE_SYMBOLS = YES;
				SWIFT_APPROACHABLE_CONCURRENCY = YES;
				SWIFT_EMIT_LOC_STRINGS = YES;
				SWIFT_UPCOMING_FEATURE_MEMBER_IMPORT_VISIBILITY = YES;
				SWIFT_VERSION = 5.0;
				TARGETED_DEVICE_FAMILY = "1,2";
			};
			name = Debug;
		};
		41298AD32FCE7CD400778428 /* Release */ = {
			isa = XCBuildConfiguration;
			buildSettings = {
				ASSETCATALOG_COMPILER_GLOBAL_ACCENT_COLOR_NAME = AccentColor;
				ASSETCATALOG_COMPILER_WIDGET_BACKGROUND_COLOR_NAME = WidgetBackground;
				CODE_SIGN_ENTITLEMENTS = PulseLoopLiveActivityExtension.entitlements;
				CODE_SIGN_STYLE = Automatic;
				CURRENT_PROJECT_VERSION = 1;
				DEVELOPMENT_TEAM = CQUQ9RZMDK;
				GENERATE_INFOPLIST_FILE = YES;
				INFOPLIST_FILE = PulseLoopLiveActivity/Info.plist;
				INFOPLIST_KEY_CFBundleDisplayName = PulseLoopLiveActivity;
				INFOPLIST_KEY_NSHumanReadableCopyright = "";
				IPHONEOS_DEPLOYMENT_TARGET = 18.0;
				LD_RUNPATH_SEARCH_PATHS = (
					"$(inherited)",
					"@executable_path/Frameworks",
					"@executable_path/../../Frameworks",
				);
				MARKETING_VERSION = 1.0;
				PRODUCT_BUNDLE_IDENTIFIER = xyz.sakshambhutani.pulseloop2.PulseLoopLiveActivity;
				PRODUCT_NAME = "$(TARGET_NAME)";
				SKIP_INSTALL = YES;
				STRING_CATALOG_GENERATE_SYMBOLS = YES;
				SWIFT_APPROACHABLE_CONCURRENCY = YES;
				SWIFT_EMIT_LOC_STRINGS = YES;
				SWIFT_UPCOMING_FEATURE_MEMBER_IMPORT_VISIBILITY = YES;
				SWIFT_VERSION = 5.0;
				TARGETED_DEVICE_FAMILY = "1,2";
			};
			name = Release;
		};
		414761612FCC0F82009EB0EF /* Debug */ = {
			isa = XCBuildConfiguration;
			buildSettings = {
				ALWAYS_SEARCH_USER_PATHS = NO;
				ASSETCATALOG_COMPILER_GENERATE_SWIFT_ASSET_SYMBOL_EXTENSIONS = YES;
				CLANG_ANALYZER_NONNULL = YES;
				CLANG_ANALYZER_NUMBER_OBJECT_CONVERSION = YES_AGGRESSIVE;
				CLANG_CXX_LANGUAGE_STANDARD = "gnu++20";
				CLANG_ENABLE_MODULES = YES;
				CLANG_ENABLE_OBJC_ARC = YES;
				CLANG_ENABLE_OBJC_WEAK = YES;
				CLANG_WARN_BLOCK_CAPTURE_AUTORELEASING = YES;
				CLANG_WARN_BOOL_CONVERSION = YES;
				CLANG_WARN_COMMA = YES;
				CLANG_WARN_CONSTANT_CONVERSION = YES;
				CLANG_WARN_DEPRECATED_OBJC_IMPLEMENTATIONS = YES;
				CLANG_WARN_DIRECT_OBJC_ISA_USAGE = YES_ERROR;
				CLANG_WARN_DOCUMENTATION_COMMENTS = YES;
				CLANG_WARN_EMPTY_BODY = YES;
				CLANG_WARN_ENUM_CONVERSION = YES;
				CLANG_WARN_INFINITE_RECURSION = YES;
				CLANG_WARN_INT_CONVERSION = YES;
				CLANG_WARN_NON_LITERAL_NULL_CONVERSION = YES;
				CLANG_WARN_OBJC_IMPLICIT_RETAIN_SELF = YES;
				CLANG_WARN_OBJC_LITERAL_CONVERSION = YES;
				CLANG_WARN_OBJC_ROOT_CLASS = YES_ERROR;
				CLANG_WARN_QUOTED_INCLUDE_IN_FRAMEWORK_HEADER = YES;
				CLANG_WARN_RANGE_LOOP_ANALYSIS = YES;
				CLANG_WARN_STRICT_PROTOTYPES = YES;
				CLANG_WARN_SUSPICIOUS_MOVE = YES;
				CLANG_WARN_UNGUARDED_AVAILABILITY = YES_AGGRESSIVE;
				CLANG_WARN_UNREACHABLE_CODE = YES;
				CLANG_WARN__DUPLICATE_METHOD_MATCH = YES;
				COPY_PHASE_STRIP = NO;
				DEBUG_INFORMATION_FORMAT = dwarf;
				DEVELOPMENT_TEAM = CQUQ9RZMDK;
				ENABLE_STRICT_OBJC_MSGSEND = YES;
				ENABLE_TESTABILITY = YES;
				ENABLE_USER_SCRIPT_SANDBOXING = YES;
				GCC_C_LANGUAGE_STANDARD = gnu17;
				GCC_DYNAMIC_NO_PIC = NO;
				GCC_NO_COMMON_BLOCKS = YES;
				GCC_OPTIMIZATION_LEVEL = 0;
				GCC_PREPROCESSOR_DEFINITIONS = (
					"DEBUG=1",
					"$(inherited)",
				);
				GCC_WARN_64_TO_32_BIT_CONVERSION = YES;
				GCC_WARN_ABOUT_RETURN_TYPE = YES_ERROR;
				GCC_WARN_UNDECLARED_SELECTOR = YES;
				GCC_WARN_UNINITIALIZED_AUTOS = YES_AGGRESSIVE;
				GCC_WARN_UNUSED_FUNCTION = YES;
				GCC_WARN_UNUSED_VARIABLE = YES;
				IPHONEOS_DEPLOYMENT_TARGET = 18.0;
				LOCALIZATION_PREFERS_STRING_CATALOGS = YES;
				MTL_ENABLE_DEBUG_INFO = INCLUDE_SOURCE;
				MTL_FAST_MATH = YES;
				ONLY_ACTIVE_ARCH = YES;
				SDKROOT = iphoneos;
				SWIFT_ACTIVE_COMPILATION_CONDITIONS = "DEBUG $(inherited)";
				SWIFT_OPTIMIZATION_LEVEL = "-Onone";
			};
			name = Debug;
		};
		414761622FCC0F82009EB0EF /* Release */ = {
			isa = XCBuildConfiguration;
			buildSettings = {
				ALWAYS_SEARCH_USER_PATHS = NO;
				ASSETCATALOG_COMPILER_GENERATE_SWIFT_ASSET_SYMBOL_EXTENSIONS = YES;
				CLANG_ANALYZER_NONNULL = YES;
				CLANG_ANALYZER_NUMBER_OBJECT_CONVERSION = YES_AGGRESSIVE;
				CLANG_CXX_LANGUAGE_STANDARD = "gnu++20";
				CLANG_ENABLE_MODULES = YES;
				CLANG_ENABLE_OBJC_ARC = YES;
				CLANG_ENABLE_OBJC_WEAK = YES;
				CLANG_WARN_BLOCK_CAPTURE_AUTORELEASING = YES;
				CLANG_WARN_BOOL_CONVERSION = YES;
				CLANG_WARN_COMMA = YES;
				CLANG_WARN_CONSTANT_CONVERSION = YES;
				CLANG_WARN_DEPRECATED_OBJC_IMPLEMENTATIONS = YES;
				CLANG_WARN_DIRECT_OBJC_ISA_USAGE = YES_ERROR;
				CLANG_WARN_DOCUMENTATION_COMMENTS = YES;
				CLANG_WARN_EMPTY_BODY = YES;
				CLANG_WARN_ENUM_CONVERSION = YES;
				CLANG_WARN_INFINITE_RECURSION = YES;
				CLANG_WARN_INT_CONVERSION = YES;
				CLANG_WARN_NON_LITERAL_NULL_CONVERSION = YES;
				CLANG_WARN_OBJC_IMPLICIT_RETAIN_SELF = YES;
				CLANG_WARN_OBJC_LITERAL_CONVERSION = YES;
				CLANG_WARN_OBJC_ROOT_CLASS = YES_ERROR;
				CLANG_WARN_QUOTED_INCLUDE_IN_FRAMEWORK_HEADER = YES;
				CLANG_WARN_RANGE_LOOP_ANALYSIS = YES;
				CLANG_WARN_STRICT_PROTOTYPES = YES;
				CLANG_WARN_SUSPICIOUS_MOVE = YES;
				CLANG_WARN_UNGUARDED_AVAILABILITY = YES_AGGRESSIVE;
				CLANG_WARN_UNREACHABLE_CODE = YES;
				CLANG_WARN__DUPLICATE_METHOD_MATCH = YES;
				COPY_PHASE_STRIP = NO;
				DEBUG_INFORMATION_FORMAT = "dwarf-with-dsym";
				DEVELOPMENT_TEAM = CQUQ9RZMDK;
				ENABLE_NS_ASSERTIONS = NO;
				ENABLE_STRICT_OBJC_MSGSEND = YES;
				ENABLE_USER_SCRIPT_SANDBOXING = YES;
				GCC_C_LANGUAGE_STANDARD = gnu17;
				GCC_NO_COMMON_BLOCKS = YES;
				GCC_WARN_64_TO_32_BIT_CONVERSION = YES;
				GCC_WARN_ABOUT_RETURN_TYPE = YES_ERROR;
				GCC_WARN_UNDECLARED_SELECTOR = YES;
				GCC_WARN_UNINITIALIZED_AUTOS = YES_AGGRESSIVE;
				GCC_WARN_UNUSED_FUNCTION = YES;
				GCC_WARN_UNUSED_VARIABLE = YES;
				IPHONEOS_DEPLOYMENT_TARGET = 18.0;
				LOCALIZATION_PREFERS_STRING_CATALOGS = YES;
				MTL_ENABLE_DEBUG_INFO = NO;
				MTL_FAST_MATH = YES;
				SDKROOT = iphoneos;
				SWIFT_COMPILATION_MODE = wholemodule;
				VALIDATE_PRODUCT = YES;
			};
			name = Release;
		};
		414761642FCC0F82009EB0EF /* Debug */ = {
			isa = XCBuildConfiguration;
			buildSettings = {
				ASSETCATALOG_COMPILER_APPICON_NAME = AppIcon;
				ASSETCATALOG_COMPILER_GLOBAL_ACCENT_COLOR_NAME = AccentColor;
				CODE_SIGN_ENTITLEMENTS = PulseLoop/PulseLoop.entitlements;
				CODE_SIGN_STYLE = Automatic;
				CURRENT_PROJECT_VERSION = 1;
				DEVELOPMENT_TEAM = CQUQ9RZMDK;
				ENABLE_PREVIEWS = YES;
				GENERATE_INFOPLIST_FILE = YES;
				INFOPLIST_FILE = PulseLoop/Info.plist;
				INFOPLIST_KEY_NSBluetoothAlwaysUsageDescription = "PulseLoop connects to your SMART_RING to sync activity, heart rate, SpO2, and sleep.";
				INFOPLIST_KEY_NSBluetoothPeripheralUsageDescription = "PulseLoop connects to your SMART_RING to sync activity, heart rate, SpO2, and sleep.";
				INFOPLIST_KEY_NSLocationAlwaysAndWhenInUseUsageDescription = "PulseLoop keeps recording your workout route in the background while a workout is active.";
				INFOPLIST_KEY_NSLocationWhenInUseUsageDescription = "PulseLoop records your route during outdoor workouts when GPS is enabled.";
				INFOPLIST_KEY_NSSupportsLiveActivities = YES;
				INFOPLIST_KEY_UIApplicationSceneManifest_Generation = YES;
				INFOPLIST_KEY_UIApplicationSupportsIndirectInputEvents = YES;
				INFOPLIST_KEY_UILaunchScreen_Generation = YES;
				INFOPLIST_KEY_UISupportedInterfaceOrientations_iPad = "UIInterfaceOrientationPortrait UIInterfaceOrientationPortraitUpsideDown UIInterfaceOrientationLandscapeLeft UIInterfaceOrientationLandscapeRight";
				INFOPLIST_KEY_UISupportedInterfaceOrientations_iPhone = "UIInterfaceOrientationPortrait UIInterfaceOrientationLandscapeLeft UIInterfaceOrientationLandscapeRight";
				LD_RUNPATH_SEARCH_PATHS = (
					"$(inherited)",
					"@executable_path/Frameworks",
				);
				MARKETING_VERSION = 1.0;
				PRODUCT_BUNDLE_IDENTIFIER = xyz.sakshambhutani.pulseloop2;
				PRODUCT_NAME = "$(TARGET_NAME)";
				STRING_CATALOG_GENERATE_SYMBOLS = YES;
				SWIFT_APPROACHABLE_CONCURRENCY = YES;
				SWIFT_DEFAULT_ACTOR_ISOLATION = MainActor;
				SWIFT_EMIT_LOC_STRINGS = YES;
				SWIFT_UPCOMING_FEATURE_MEMBER_IMPORT_VISIBILITY = YES;
				SWIFT_VERSION = 5.0;
				TARGETED_DEVICE_FAMILY = "1,2";
			};
			name = Debug;
		};
		414761652FCC0F82009EB0EF /* Release */ = {
			isa = XCBuildConfiguration;
			buildSettings = {
				ASSETCATALOG_COMPILER_APPICON_NAME = AppIcon;
				ASSETCATALOG_COMPILER_GLOBAL_ACCENT_COLOR_NAME = AccentColor;
				CODE_SIGN_ENTITLEMENTS = PulseLoop/PulseLoop.entitlements;
				CODE_SIGN_STYLE = Automatic;
				CURRENT_PROJECT_VERSION = 1;
				DEVELOPMENT_TEAM = CQUQ9RZMDK;
				ENABLE_PREVIEWS = YES;
				GENERATE_INFOPLIST_FILE = YES;
				INFOPLIST_FILE = PulseLoop/Info.plist;
				INFOPLIST_KEY_NSBluetoothAlwaysUsageDescription = "PulseLoop connects to your SMART_RING to sync activity, heart rate, SpO2, and sleep.";
				INFOPLIST_KEY_NSBluetoothPeripheralUsageDescription = "PulseLoop connects to your SMART_RING to sync activity, heart rate, SpO2, and sleep.";
				INFOPLIST_KEY_NSLocationAlwaysAndWhenInUseUsageDescription = "PulseLoop keeps recording your workout route in the background while a workout is active.";
				INFOPLIST_KEY_NSLocationWhenInUseUsageDescription = "PulseLoop records your route during outdoor workouts when GPS is enabled.";
				INFOPLIST_KEY_NSSupportsLiveActivities = YES;
				INFOPLIST_KEY_UIApplicationSceneManifest_Generation = YES;
				INFOPLIST_KEY_UIApplicationSupportsIndirectInputEvents = YES;
				INFOPLIST_KEY_UILaunchScreen_Generation = YES;
				INFOPLIST_KEY_UISupportedInterfaceOrientations_iPad = "UIInterfaceOrientationPortrait UIInterfaceOrientationPortraitUpsideDown UIInterfaceOrientationLandscapeLeft UIInterfaceOrientationLandscapeRight";
				INFOPLIST_KEY_UISupportedInterfaceOrientations_iPhone = "UIInterfaceOrientationPortrait UIInterfaceOrientationLandscapeLeft UIInterfaceOrientationLandscapeRight";
				LD_RUNPATH_SEARCH_PATHS = (
					"$(inherited)",
					"@executable_path/Frameworks",
				);
				MARKETING_VERSION = 1.0;
				PRODUCT_BUNDLE_IDENTIFIER = xyz.sakshambhutani.pulseloop2;
				PRODUCT_NAME = "$(TARGET_NAME)";
				STRING_CATALOG_GENERATE_SYMBOLS = YES;
				SWIFT_APPROACHABLE_CONCURRENCY = YES;
				SWIFT_DEFAULT_ACTOR_ISOLATION = MainActor;
				SWIFT_EMIT_LOC_STRINGS = YES;
				SWIFT_UPCOMING_FEATURE_MEMBER_IMPORT_VISIBILITY = YES;
				SWIFT_VERSION = 5.0;
				TARGETED_DEVICE_FAMILY = "1,2";
			};
			name = Release;
		};
		AA0000000000000000000009 /* Debug */ = {
			isa = XCBuildConfiguration;
			buildSettings = {
				BUNDLE_LOADER = "$(TEST_HOST)";
				CODE_SIGN_STYLE = Automatic;
				CURRENT_PROJECT_VERSION = 1;
				DEVELOPMENT_TEAM = CQUQ9RZMDK;
				GENERATE_INFOPLIST_FILE = YES;
				IPHONEOS_DEPLOYMENT_TARGET = 18.0;
				MARKETING_VERSION = 1.0;
				PRODUCT_BUNDLE_IDENTIFIER = xyz.sakshambhutani.pulseloop2Tests;
				PRODUCT_NAME = "$(TARGET_NAME)";
				SWIFT_APPROACHABLE_CONCURRENCY = YES;
				SWIFT_DEFAULT_ACTOR_ISOLATION = MainActor;
				SWIFT_EMIT_LOC_STRINGS = NO;
				SWIFT_VERSION = 5.0;
				TARGETED_DEVICE_FAMILY = "1,2";
				TEST_HOST = "$(BUILT_PRODUCTS_DIR)/PulseLoop.app/$(BUNDLE_EXECUTABLE_FOLDER_PATH)/PulseLoop";
			};
			name = Debug;
		};
		AA000000000000000000000A /* Release */ = {
			isa = XCBuildConfiguration;
			buildSettings = {
				BUNDLE_LOADER = "$(TEST_HOST)";
				CODE_SIGN_STYLE = Automatic;
				CURRENT_PROJECT_VERSION = 1;
				DEVELOPMENT_TEAM = CQUQ9RZMDK;
				GENERATE_INFOPLIST_FILE = YES;
				IPHONEOS_DEPLOYMENT_TARGET = 18.0;
				MARKETING_VERSION = 1.0;
				PRODUCT_BUNDLE_IDENTIFIER = xyz.sakshambhutani.pulseloop2Tests;
				PRODUCT_NAME = "$(TARGET_NAME)";
				SWIFT_APPROACHABLE_CONCURRENCY = YES;
				SWIFT_DEFAULT_ACTOR_ISOLATION = MainActor;
				SWIFT_EMIT_LOC_STRINGS = NO;
				SWIFT_VERSION = 5.0;
				TARGETED_DEVICE_FAMILY = "1,2";
				TEST_HOST = "$(BUILT_PRODUCTS_DIR)/PulseLoop.app/$(BUNDLE_EXECUTABLE_FOLDER_PATH)/PulseLoop";
			};
			name = Release;
		};
/* End XCBuildConfiguration section */

/* Begin XCConfigurationList section */
		41298AD12FCE7CD400778428 /* Build configuration list for PBXNativeTarget "PulseLoopLiveActivityExtension" */ = {
			isa = XCConfigurationList;
			buildConfigurations = (
				41298AD22FCE7CD400778428 /* Debug */,
				41298AD32FCE7CD400778428 /* Release */,
			);
			defaultConfigurationIsVisible = 0;
			defaultConfigurationName = Release;
		};
		414761512FCC0F81009EB0EF /* Build configuration list for PBXProject "PulseLoop" */ = {
			isa = XCConfigurationList;
			buildConfigurations = (
				414761612FCC0F82009EB0EF /* Debug */,
				414761622FCC0F82009EB0EF /* Release */,
			);
			defaultConfigurationIsVisible = 0;
			defaultConfigurationName = Release;
		};
		414761632FCC0F82009EB0EF /* Build configuration list for PBXNativeTarget "PulseLoop" */ = {
			isa = XCConfigurationList;
			buildConfigurations = (
				414761642FCC0F82009EB0EF /* Debug */,
				414761652FCC0F82009EB0EF /* Release */,
			);
			defaultConfigurationIsVisible = 0;
			defaultConfigurationName = Release;
		};
		AA000000000000000000000B /* Build configuration list for PBXNativeTarget "PulseLoopTests" */ = {
			isa = XCConfigurationList;
			buildConfigurations = (
				AA0000000000000000000009 /* Debug */,
				AA000000000000000000000A /* Release */,
			);
			defaultConfigurationIsVisible = 0;
			defaultConfigurationName = Release;
		};
/* End XCConfigurationList section */

/* Begin XCRemoteSwiftPackageReference section */
		412290E42FF3A65A008D8235 /* XCRemoteSwiftPackageReference "swift-algorithms" */ = {
			isa = XCRemoteSwiftPackageReference;
			repositoryURL = "https://github.com/apple/swift-algorithms.git";
			requirement = {
				kind = upToNextMajorVersion;
				minimumVersion = 1.2.1;
			};
		};
/* End XCRemoteSwiftPackageReference section */
	};
	rootObject = 4147614E2FCC0F81009EB0EF /* Project object */;
}
